
Microsoft Visual Studio Solution File, Format Version 12.00
# Visual Studio Version 17
VisualStudioVersion = 17.8.34511.84
MinimumVisualStudioVersion = 10.0.40219.1
Project("{9A19103F-16F7-4668-BE54-9A1E7A4F7556}") = "Findaroo.Server", "Findaroo.Server\Findaroo.Server.csproj", "{4DB31906-ED26-4E6B-B950-07A98EB04850}"
EndProject
Global
	GlobalSection(SolutionConfigurationPlatforms) = preSolution
		Debug|Any CPU = Debug|Any CPU
		Release|Any CPU = Release|Any CPU
	EndGlobalSection
	GlobalSection(ProjectConfigurationPlatforms) = postSolution
		{4DB31906-ED26-4E6B-B950-07A98EB04850}.Debug|Any CPU.ActiveCfg = Debug|Any CPU
		{4DB31906-ED26-4E6B-B950-07A98EB04850}.Debug|Any CPU.Build.0 = Debug|Any CPU
		{4DB31906-ED26-4E6B-B950-07A98EB04850}.Release|Any CPU.ActiveCfg = Release|Any CPU
		{4DB31906-ED26-4E6B-B950-07A98EB04850}.Release|Any CPU.Build.0 = Release|Any CPU
	EndGlobalSection
	GlobalSection(SolutionProperties) = preSolution
		HideSolutionNode = FALSE
	EndGlobalSection
	GlobalSection(ExtensibilityGlobals) = postSolution
		SolutionGuid = {1F04A932-E9CE-416B-A9EB-78D74F7110E1}
	EndGlobalSection
EndGlobal
